Microsoft Visual Studio Solution File, Format Version 12.00
# Visual Studio Version 17
VisualStudioVersion = 17.13.35919.96
MinimumVisualStudioVersion = 10.0.40219.1
Project("{FAE04EC0-301F-11D3-BF4B-00C04F79EFBC}") = "EjemploProjecto", "EjemploProjecto\EjemploProjecto.csproj", "{5AFDE575-B568-445A-86C7-AAA80A295A20}"
EndProject
Global
	GlobalSection(SolutionConfigurationPlatforms) = preSolution
		Debug|Any CPU = Debug|Any CPU
		Release|Any CPU = Release|Any CPU
	EndGlobalSection
	GlobalSection(ProjectConfigurationPlatforms) = postSolution
		{5AFDE575-B568-445A-86C7-AAA80A295A20}.Debug|Any CPU.ActiveCfg = Debug|Any CPU
		{5AFDE575-B568-445A-86C7-AAA80A295A20}.Debug|Any CPU.Build.0 = Debug|Any CPU
		{5AFDE575-B568-445A-86C7-AAA80A295A20}.Release|Any CPU.ActiveCfg = Release|Any CPU
		{5AFDE575-B568-445A-86C7-AAA80A295A20}.Release|Any CPU.Build.0 = Release|Any CPU
	EndGlobalSection
	GlobalSection(SolutionProperties) = preSolution
		HideSolutionNode = FALSE
	EndGlobalSection
	GlobalSection(ExtensibilityGlobals) = postSolution
		SolutionGuid = {39BA87C2-FC28-434B-AE64-86E7A746716D}
	EndGlobalSection
EndGlobal
